{
  "name": "web3octopus",
  "version": "1.0.0",
  "lockfileVersion": 3,
  "requires": true,
  "packages": {
    "": {
      "name": "web3octopus",
      "version": "1.0.0",
      "hasInstallScript": true,
      "dependencies": {
        "metakeep": "^2.2.8"
      }
    },
    "node_modules/metakeep": {
      "version": "2.2.8",
      "resolved": "https://registry.npmjs.org/metakeep/-/metakeep-2.2.8.tgz",
      "integrity": "sha512-gZWQfBT+woqm9Tiz+JF0uVyOnGC7eTv6ECBzow7h1C1DaNjUHEdsD/FH/DrEfGNMHBoXdX0Bv1yVx9jPJ8erfw==",
      "license": "ISC"
    }
  }
}
